cloud.google.com/go v0.123.0 h1:2NAUJwPR47q+E35uaJeYoNhuNEM9kM8SjgRgdeOJUSE=
cloud.google.com/go v0.123.0/go.mod h1:xBoMV08QcqUGuPW65Qfm1o9Y4zKZBpGS+7bImXLTAZU=
github.com/go-inf/inf v0.9.1 h1:F4sloU4SED74gTeM3mWLrf8yyMAgVCV0puw3vhtKWrk=
github.com/go-inf/inf v0.9.1/go.mod h1:ZWwB6rTV+0pO94RdIMKue59tExzQp6/pj/BMuPQkXaA=
gopkg.in/inf.v0 v0.9.1 h1:73M5CoZyi3ZLMOyDlQh031Cx6N9NDJ2Vvfl76EDAgDc=
gopkg.in/inf.v0 v0.9.1/go.mod h1:cWUDdTG/fYaXco+Dcufb5Vnc6Gp2YChqWtbxRZE0mXw=
